
Microsoft Visual Studio Solution File, Format Version 12.00
# Visual Studio Version 16
VisualStudioVersion = 16.0.30717.126
MinimumVisualStudioVersion = 10.0.40219.1
Project("{8BC9CEB8-8B4A-11D0-8D11-00A0C91BC942}") = "drill 20!", "drill 20!\drill 20!.vcxproj", "{DCAA3E63-AAF5-4870-AEBA-B13B59CCECEF}"
EndProject
Global
	GlobalSection(SolutionConfigurationPlatforms) = preSolution
		Debug|x64 = Debug|x64
		Debug|x86 = Debug|x86
		Release|x64 = Release|x64
		Release|x86 = Release|x86
	EndGlobalSection
	GlobalSection(ProjectConfigurationPlatforms) = postSolution
		{DCAA3E63-AAF5-4870-AEBA-B13B59CCECEF}.Debug|x64.ActiveCfg = Debug|x64
		{DCAA3E63-AAF5-4870-AEBA-B13B59CCECEF}.Debug|x64.Build.0 = Debug|x64
		{DCAA3E63-AAF5-4870-AEBA-B13B59CCECEF}.Debug|x86.ActiveCfg = Debug|Win32
		{DCAA3E63-AAF5-4870-AEBA-B13B59CCECEF}.Debug|x86.Build.0 = Debug|Win32
		{DCAA3E63-AAF5-4870-AEBA-B13B59CCECEF}.Release|x64.ActiveCfg = Release|x64
		{DCAA3E63-AAF5-4870-AEBA-B13B59CCECEF}.Release|x64.Build.0 = Release|x64
		{DCAA3E63-AAF5-4870-AEBA-B13B59CCECEF}.Release|x86.ActiveCfg = Release|Win32
		{DCAA3E63-AAF5-4870-AEBA-B13B59CCECEF}.Release|x86.Build.0 = Release|Win32
	EndGlobalSection
	GlobalSection(SolutionProperties) = preSolution
		HideSolutionNode = FALSE
	EndGlobalSection
	GlobalSection(ExtensibilityGlobals) = postSolution
		SolutionGuid = {D0949E7E-2ADB-416A-83D4-1A0AF39BF73F}
	EndGlobalSection
EndGlobal
